// !$*UTF8*$!
{
	archiveVersion = 1;
	classes = {
	};
	objectVersion = 77;
	objects = {

/* Begin PBXContainerItemProxy section */
		BEB2339F2E056DB8008AD065 /* PBXContainerItemProxy */ = {
			isa = PBXContainerItemProxy;
			containerPortal = BEB233842E056DB7008AD065 /* Project object */;
			proxyType = 1;
			remoteGlobalIDString = BEB2338B2E056DB7008AD065;
			remoteInfo = ft_hangouts;
		};
		BEB233A92E056DB8008AD065 /* PBXContainerItemProxy */ = {
			isa = PBXContainerItemProxy;
			containerPortal = BEB233842E056DB7008AD065 /* Project object */;
			proxyType = 1;
			remoteGlobalIDString = BEB2338B2E056DB7008AD065;
			remoteInfo = ft_hangouts;
		};
/* End PBXContainerItemProxy section */

/* Begin PBXFileReference section */
		BEB2338C2E056DB7008AD065 /* ft_hangouts.app */ = {isa = PBXFileReference; explicitFileType = wrapper.application; includeInIndex = 0; path = ft_hangouts.app; sourceTree = BUILT_PRODUCTS_DIR; };
		BEB2339E2E056DB8008AD065 /* ft_hangoutsTests.xctest */ = {isa = PBXFileReference; explicitFileType = wrapper.cfbundle; includeInIndex = 0; path = ft_hangoutsTests.xctest; sourceTree = BUILT_PRODUCTS_DIR; };
		BEB233A82E056DB8008AD065 /* ft_hangoutsUITests.xctest */ = {isa = PBXFileReference; explicitFileType = wrapper.cfbundle; includeInIndex = 0; path = ft_hangoutsUITests.xctest; sourceTree = BUILT_PRODUCTS_DIR; };
/* End PBXFileReference section */

/* Begin PBXFileSystemSynchronizedRootGroup section */
		BEB2338E2E056DB7008AD065 /* ft_hangouts */ = {
			isa = PBXFileSystemSynchronizedRootGroup;
			path = ft_hangouts;
			sourceTree = "<group>";
		};
		BEB233A12E056DB8008AD065 /* ft_hangoutsTests */ = {
			isa = PBXFileSystemSynchronizedRootGroup;
			path = ft_hangoutsTests;
			sourceTree = "<group>";
		};
		BEB233AB2E056DB8008AD065 /* ft_hangoutsUITests */ = {
			isa = PBXFileSystemSynchronizedRootGroup;
			path = ft_hangoutsUITests;
			sourceTree = "<group>";
		};
/* End PBXFileSystemSynchronizedRootGroup section */

/* Begin PBXFrameworksBuildPhase section */
		BEB233892E056DB7008AD065 /* Frameworks */ = {
			isa = PBXFrameworksBuildPhase;
			buildActionMask = 2147483647;
			files = (
			);
			runOnlyForDeploymentPostprocessing = 0;
		};
		BEB2339B2E056DB8008AD065 /* Frameworks */ = {
			isa = PBXFrameworksBuildPhase;
			buildActionMask = 2147483647;
			files = (
			);
			runOnlyForDeploymentPostprocessing = 0;
		};
		BEB233A52E056DB8008AD065 /* Frameworks */ = {
			isa = PBXFrameworksBuildPhase;
			buildActionMask = 2147483647;
			files = (
			);
			runOnlyForDeploymentPostprocessing = 0;
		};
/* End PBXFrameworksBuildPhase section */

/* Begin PBXGroup section */
		BEB233832E056DB7008AD065 = {
			isa = PBXGroup;
			children = (
				BEB2338E2E056DB7008AD065 /* ft_hangouts */,
				BEB233A12E056DB8008AD065 /* ft_hangoutsTests */,
				BEB233AB2E056DB8008AD065 /* ft_hangoutsUITests */,
				BEB2338D2E056DB7008AD065 /* Products */,
			);
			sourceTree = "<group>";
		};
		BEB2338D2E056DB7008AD065 /* Products */ = {
			isa = PBXGroup;
			children = (
				BEB2338C2E056DB7008AD065 /* ft_hangouts.app */,
				BEB2339E2E056DB8008AD065 /* ft_hangoutsTests.xctest */,
				BEB233A82E056DB8008AD065 /* ft_hangoutsUITests.xctest */,
			);
			name = Products;
			sourceTree = "<group>";
		};
/* End PBXGroup section */

/* Begin PBXNativeTarget section */
		BEB2338B2E056DB7008AD065 /* ft_hangouts */ = {
			isa = PBXNativeTarget;
			buildConfigurationList = BEB233B22E056DB8008AD065 /* Build configuration list for PBXNativeTarget "ft_hangouts" */;
			buildPhases = (
				BEB233882E056DB7008AD065 /* Sources */,
				BEB233892E056DB7008AD065 /* Frameworks */,
				BEB2338A2E056DB7008AD065 /* Resources */,
			);
			buildRules = (
			);
			dependencies = (
			);
			fileSystemSynchronizedGroups = (
				BEB2338E2E056DB7008AD065 /* ft_hangouts */,
			);
			name = ft_hangouts;
			packageProductDependencies = (
			);
			productName = ft_hangouts;
			productReference = BEB2338C2E056DB7008AD065 /* ft_hangouts.app */;
			productType = "com.apple.product-type.application";
		};
		BEB2339D2E056DB8008AD065 /* ft_hangoutsTests */ = {
			isa = PBXNativeTarget;
			buildConfigurationList = BEB233B52E056DB8008AD065 /* Build configuration list for PBXNativeTarget "ft_hangoutsTests" */;
			buildPhases = (
				BEB2339A2E056DB8008AD065 /* Sources */,
				BEB2339B2E056DB8008AD065 /* Frameworks */,
				BEB2339C2E056DB8008AD065 /* Resources */,
			);
			buildRules = (
			);
			dependencies = (
				BEB233A02E056DB8008AD065 /* PBXTargetDependency */,
			);
			fileSystemSynchronizedGroups = (
				BEB233A12E056DB8008AD065 /* ft_hangoutsTests */,
			);
			name = ft_hangoutsTests;
			packageProductDependencies = (
			);
			productName = ft_hangoutsTests;
			productReference = BEB2339E2E056DB8008AD065 /* ft_hangoutsTests.xctest */;
			productType = "com.apple.product-type.bundle.unit-test";
		};
		BEB233A72E056DB8008AD065 /* ft_hangoutsUITests */ = {
			isa = PBXNativeTarget;
			buildConfigurationList = BEB233B82E056DB8008AD065 /* Build configuration list for PBXNativeTarget "ft_hangoutsUITests" */;
			buildPhases = (
				BEB233A42E056DB8008AD065 /* Sources */,
				BEB233A52E056DB8008AD065 /* Frameworks */,
				BEB233A62E056DB8008AD065 /* Resources */,
			);
			buildRules = (
			);
			dependencies = (
				BEB233AA2E056DB8008AD065 /* PBXTargetDependency */,
			);
			fileSystemSynchronizedGroups = (
				BEB233AB2E056DB8008AD065 /* ft_hangoutsUITests */,
			);
			name = ft_hangoutsUITests;
			packageProductDependencies = (
			);
			productName = ft_hangoutsUITests;
			productReference = BEB233A82E056DB8008AD065 /* ft_hangoutsUITests.xctest */;
			productType = "com.apple.product-type.bundle.ui-testing";
		};
/* End PBXNativeTarget section */

/* Begin PBXProject section */
		BEB233842E056DB7008AD065 /* Project object */ = {
			isa = PBXProject;
			attributes = {
				BuildIndependentTargetsInParallel = 1;
				LastSwiftUpdateCheck = 1640;
				LastUpgradeCheck = 1640;
				TargetAttributes = {
					BEB2338B2E056DB7008AD065 = {
						CreatedOnToolsVersion = 16.4;
					};
					BEB2339D2E056DB8008AD065 = {
						CreatedOnToolsVersion = 16.4;
						TestTargetID = BEB2338B2E056DB7008AD065;
					};
					BEB233A72E056DB8008AD065 = {
						CreatedOnToolsVersion = 16.4;
						TestTargetID = BEB2338B2E056DB7008AD065;
					};
				};
			};
			buildConfigurationList = BEB233872E056DB7008AD065 /* Build configuration list for PBXProject "ft_hangouts" */;
			developmentRegion = en;
			hasScannedForEncodings = 0;
			knownRegions = (
				en,
				Base,
				tr,
			);
			mainGroup = BEB233832E056DB7008AD065;
			minimizedProjectReferenceProxies = 1;
			preferredProjectObjectVersion = 77;
			productRefGroup = BEB2338D2E056DB7008AD065 /* Products */;
			projectDirPath = "";
			projectRoot = "";
			targets = (
				BEB2338B2E056DB7008AD065 /* ft_hangouts */,
				BEB2339D2E056DB8008AD065 /* ft_hangoutsTests */,
				BEB233A72E056DB8008AD065 /* ft_hangoutsUITests */,
			);
		};
/* End PBXProject section */

/* Begin PBXResourcesBuildPhase section */
		BEB2338A2E056DB7008AD065 /* Resources */ = {
			isa = PBXResourcesBuildPhase;
			buildActionMask = 2147483647;
			files = (
			);
			runOnlyForDeploymentPostprocessing = 0;
		};
		BEB2339C2E056DB8008AD065 /* Resources */ = {
			isa = PBXResourcesBuildPhase;
			buildActionMask = 2147483647;
			files = (
			);
			runOnlyForDeploymentPostprocessing = 0;
		};
		BEB233A62E056DB8008AD065 /* Resources */ = {
			isa = PBXResourcesBuildPhase;
			buildActionMask = 2147483647;
			files = (
			);
			runOnlyForDeploymentPostprocessing = 0;
		};
/* End PBXResourcesBuildPhase section */

/* Begin PBXSourcesBuildPhase section */
		BEB233882E056DB7008AD065 /* Sources */ = {
			isa = PBXSourcesBuildPhase;
			buildActionMask = 2147483647;
			files = (
			);
			runOnlyForDeploymentPostprocessing = 0;
		};
		BEB2339A2E056DB8008AD065 /* Sources */ = {
			isa = PBXSourcesBuildPhase;
			buildActionMask = 2147483647;
			files = (
			);
			runOnlyForDeploymentPostprocessing = 0;
		};
		BEB233A42E056DB8008AD065 /* Sources */ = {
			isa = PBXSourcesBuildPhase;
			buildActionMask = 2147483647;
			files = (
			);
			runOnlyForDeploymentPostprocessing = 0;
		};
/* End PBXSourcesBuildPhase section */

/* Begin PBXTargetDependency section */
		BEB233A02E056DB8008AD065 /* PBXTargetDependency */ = {
			isa = PBXTargetDependency;
			target = BEB2338B2E056DB7008AD065 /* ft_hangouts */;
			targetProxy = BEB2339F2E056DB8008AD065 /* PBXContainerItemProxy */;
		};
		BEB233AA2E056DB8008AD065 /* PBXTargetDependency */ = {
			isa = PBXTargetDependency;
			target = BEB2338B2E056DB7008AD065 /* ft_hangouts */;
			targetProxy = BEB233A92E056DB8008AD065 /* PBXContainerItemProxy */;
		};
/* End PBXTargetDependency section */

/* Begin XCBuildConfiguration section */
		BEB233B02E056DB8008AD065 /* Debug */ = {
			isa = XCBuildConfiguration;
			buildSettings = {
				ALWAYS_SEARCH_USER_PATHS = NO;
				ASSETCATALOG_COMPILER_GENERATE_SWIFT_ASSET_SYMBOL_EXTENSIONS = YES;
				CLANG_ANALYZER_LOCALIZABILITY_NONLOCALIZED = YES;
				CLANG_ANALYZER_NONNULL = YES;
				CLANG_ANALYZER_NUMBER_OBJECT_CONVERSION = YES_AGGRESSIVE;
				CLANG_CXX_LANGUAGE_STANDARD = "gnu++20";
				CLANG_ENABLE_MODULES = YES;
				CLANG_ENABLE_OBJC_ARC = YES;
				CLANG_ENABLE_OBJC_WEAK = YES;
				CLANG_WARN_BLOCK_CAPTURE_AUTORELEASING = YES;
				CLANG_WARN_BOOL_CONVERSION = YES;
				CLANG_WARN_COMMA = YES;
				CLANG_WARN_CONSTANT_CONVERSION = YES;
				CLANG_WARN_DEPRECATED_OBJC_IMPLEMENTATIONS = YES;
				CLANG_WARN_DIRECT_OBJC_ISA_USAGE = YES_ERROR;
				CLANG_WARN_DOCUMENTATION_COMMENTS = YES;
				CLANG_WARN_EMPTY_BODY = YES;
				CLANG_WARN_ENUM_CONVERSION = YES;
				CLANG_WARN_INFINITE_RECURSION = YES;
				CLANG_WARN_INT_CONVERSION = YES;
				CLANG_WARN_NON_LITERAL_NULL_CONVERSION = YES;
				CLANG_WARN_OBJC_IMPLICIT_RETAIN_SELF = YES;
				CLANG_WARN_OBJC_LITERAL_CONVERSION = YES;
				CLANG_WARN_OBJC_ROOT_CLASS = YES_ERROR;
				CLANG_WARN_QUOTED_INCLUDE_IN_FRAMEWORK_HEADER = YES;
				CLANG_WARN_RANGE_LOOP_ANALYSIS = YES;
				CLANG_WARN_STRICT_PROTOTYPES = YES;
				CLANG_WARN_SUSPICIOUS_MOVE = YES;
				CLANG_WARN_UNGUARDED_AVAILABILITY = YES_AGGRESSIVE;
				CLANG_WARN_UNREACHABLE_CODE = YES;
				CLANG_WARN__DUPLICATE_METHOD_MATCH = YES;
				COPY_PHASE_STRIP = NO;
				DEBUG_INFORMATION_FORMAT = dwarf;
				DEVELOPMENT_TEAM = JM5HUJ3QL8;
				ENABLE_STRICT_OBJC_MSGSEND = YES;
				ENABLE_TESTABILITY = YES;
				ENABLE_USER_SCRIPT_SANDBOXING = YES;
				GCC_C_LANGUAGE_STANDARD = gnu17;
				GCC_DYNAMIC_NO_PIC = NO;
				GCC_NO_COMMON_BLOCKS = YES;
				GCC_OPTIMIZATION_LEVEL = 0;
				GCC_PREPROCESSOR_DEFINITIONS = (
					"DEBUG=1",
					"$(inherited)",
				);
				GCC_WARN_64_TO_32_BIT_CONVERSION = YES;
				GCC_WARN_ABOUT_RETURN_TYPE = YES_ERROR;
				GCC_WARN_UNDECLARED_SELECTOR = YES;
				GCC_WARN_UNINITIALIZED_AUTOS = YES_AGGRESSIVE;
				GCC_WARN_UNUSED_FUNCTION = YES;
				GCC_WARN_UNUSED_VARIABLE = YES;
				IPHONEOS_DEPLOYMENT_TARGET = 18.5;
				LOCALIZATION_PREFERS_STRING_CATALOGS = YES;
				MTL_ENABLE_DEBUG_INFO = INCLUDE_SOURCE;
				MTL_FAST_MATH = YES;
				ONLY_ACTIVE_ARCH = YES;
				SDKROOT = iphoneos;
				SWIFT_ACTIVE_COMPILATION_CONDITIONS = "DEBUG $(inherited)";
				SWIFT_OPTIMIZATION_LEVEL = "-Onone";
			};
			name = Debug;
		};
		BEB233B12E056DB8008AD065 /* Release */ = {
			isa = XCBuildConfiguration;
			buildSettings = {
				ALWAYS_SEARCH_USER_PATHS = NO;
				ASSETCATALOG_COMPILER_GENERATE_SWIFT_ASSET_SYMBOL_EXTENSIONS = YES;
				CLANG_ANALYZER_LOCALIZABILITY_NONLOCALIZED = YES;
				CLANG_ANALYZER_NONNULL = YES;
				CLANG_ANALYZER_NUMBER_OBJECT_CONVERSION = YES_AGGRESSIVE;
				CLANG_CXX_LANGUAGE_STANDARD = "gnu++20";
				CLANG_ENABLE_MODULES = YES;
				CLANG_ENABLE_OBJC_ARC = YES;
				CLANG_ENABLE_OBJC_WEAK = YES;
				CLANG_WARN_BLOCK_CAPTURE_AUTORELEASING = YES;
				CLANG_WARN_BOOL_CONVERSION = YES;
				CLANG_WARN_COMMA = YES;
				CLANG_WARN_CONSTANT_CONVERSION = YES;
				CLANG_WARN_DEPRECATED_OBJC_IMPLEMENTATIONS = YES;
				CLANG_WARN_DIRECT_OBJC_ISA_USAGE = YES_ERROR;
				CLANG_WARN_DOCUMENTATION_COMMENTS = YES;
				CLANG_WARN_EMPTY_BODY = YES;
				CLANG_WARN_ENUM_CONVERSION = YES;
				CLANG_WARN_INFINITE_RECURSION = YES;
				CLANG_WARN_INT_CONVERSION = YES;
				CLANG_WARN_NON_LITERAL_NULL_CONVERSION = YES;
				CLANG_WARN_OBJC_IMPLICIT_RETAIN_SELF = YES;
				CLANG_WARN_OBJC_LITERAL_CONVERSION = YES;
				CLANG_WARN_OBJC_ROOT_CLASS = YES_ERROR;
				CLANG_WARN_QUOTED_INCLUDE_IN_FRAMEWORK_HEADER = YES;
				CLANG_WARN_RANGE_LOOP_ANALYSIS = YES;
				CLANG_WARN_STRICT_PROTOTYPES = YES;
				CLANG_WARN_SUSPICIOUS_MOVE = YES;
				CLANG_WARN_UNGUARDED_AVAILABILITY = YES_AGGRESSIVE;
				CLANG_WARN_UNREACHABLE_CODE = YES;
				CLANG_WARN__DUPLICATE_METHOD_MATCH = YES;
				COPY_PHASE_STRIP = NO;
				DEBUG_INFORMATION_FORMAT = "dwarf-with-dsym";
				DEVELOPMENT_TEAM = JM5HUJ3QL8;
				ENABLE_NS_ASSERTIONS = NO;
				ENABLE_STRICT_OBJC_MSGSEND = YES;
				ENABLE_USER_SCRIPT_SANDBOXING = YES;
				GCC_C_LANGUAGE_STANDARD = gnu17;
				GCC_NO_COMMON_BLOCKS = YES;
				GCC_WARN_64_TO_32_BIT_CONVERSION = YES;
				GCC_WARN_ABOUT_RETURN_TYPE = YES_ERROR;
				GCC_WARN_UNDECLARED_SELECTOR = YES;
				GCC_WARN_UNINITIALIZED_AUTOS = YES_AGGRESSIVE;
				GCC_WARN_UNUSED_FUNCTION = YES;
				GCC_WARN_UNUSED_VARIABLE = YES;
				IPHONEOS_DEPLOYMENT_TARGET = 18.5;
				LOCALIZATION_PREFERS_STRING_CATALOGS = YES;
				MTL_ENABLE_DEBUG_INFO = NO;
				MTL_FAST_MATH = YES;
				SDKROOT = iphoneos;
				SWIFT_COMPILATION_MODE = wholemodule;
				VALIDATE_PRODUCT = YES;
			};
			name = Release;
		};
		BEB233B32E056DB8008AD065 /* Debug */ = {
			isa = XCBuildConfiguration;
			buildSettings = {
				ASSETCATALOG_COMPILER_APPICON_NAME = AppIcon;
				ASSETCATALOG_COMPILER_GLOBAL_ACCENT_COLOR_NAME = AccentColor;
				CODE_SIGN_STYLE = Automatic;
				CURRENT_PROJECT_VERSION = 1;
				DEVELOPMENT_TEAM = JM5HUJ3QL8;
				ENABLE_PREVIEWS = YES;
				GENERATE_INFOPLIST_FILE = YES;
				INFOPLIST_KEY_UIApplicationSceneManifest_Generation = YES;
				INFOPLIST_KEY_UIApplicationSupportsIndirectInputEvents = YES;
				INFOPLIST_KEY_UILaunchScreen_Generation = YES;
				INFOPLIST_KEY_UISupportedInterfaceOrientations_iPad = "UIInterfaceOrientationPortrait UIInterfaceOrientationPortraitUpsideDown UIInterfaceOrientationLandscapeLeft UIInterfaceOrientationLandscapeRight";
				INFOPLIST_KEY_UISupportedInterfaceOrientations_iPhone = "UIInterfaceOrientationPortrait UIInterfaceOrientationLandscapeLeft UIInterfaceOrientationLandscapeRight";
				LD_RUNPATH_SEARCH_PATHS = (
					"$(inherited)",
					"@executable_path/Frameworks",
				);
				MARKETING_VERSION = 1.0;
				PRODUCT_BUNDLE_IDENTIFIER = "forty-two.ft-hangouts";
				PRODUCT_NAME = "$(TARGET_NAME)";
				SWIFT_EMIT_LOC_STRINGS = YES;
				SWIFT_VERSION = 5.0;
				TARGETED_DEVICE_FAMILY = "1,2";
			};
			name = Debug;
		};
		BEB233B42E056DB8008AD065 /* Release */ = {
			isa = XCBuildConfiguration;
			buildSettings = {
				ASSETCATALOG_COMPILER_APPICON_NAME = AppIcon;
				ASSETCATALOG_COMPILER_GLOBAL_ACCENT_COLOR_NAME = AccentColor;
				CODE_SIGN_STYLE = Automatic;
				CURRENT_PROJECT_VERSION = 1;
				DEVELOPMENT_TEAM = JM5HUJ3QL8;
				ENABLE_PREVIEWS = YES;
				GENERATE_INFOPLIST_FILE = YES;
				INFOPLIST_KEY_UIApplicationSceneManifest_Generation = YES;
				INFOPLIST_KEY_UIApplicationSupportsIndirectInputEvents = YES;
				INFOPLIST_KEY_UILaunchScreen_Generation = YES;
				INFOPLIST_KEY_UISupportedInterfaceOrientations_iPad = "UIInterfaceOrientationPortrait UIInterfaceOrientationPortraitUpsideDown UIInterfaceOrientationLandscapeLeft UIInterfaceOrientationLandscapeRight";
				INFOPLIST_KEY_UISupportedInterfaceOrientations_iPhone = "UIInterfaceOrientationPortrait UIInterfaceOrientationLandscapeLeft UIInterfaceOrientationLandscapeRight";
				LD_RUNPATH_SEARCH_PATHS = (
					"$(inherited)",
					"@executable_path/Frameworks",
				);
				MARKETING_VERSION = 1.0;
				PRODUCT_BUNDLE_IDENTIFIER = "forty-two.ft-hangouts";
				PRODUCT_NAME = "$(TARGET_NAME)";
				SWIFT_EMIT_LOC_STRINGS = YES;
				SWIFT_VERSION = 5.0;
				TARGETED_DEVICE_FAMILY = "1,2";
			};
			name = Release;
		};
		BEB233B62E056DB8008AD065 /* Debug */ = {
			isa = XCBuildConfiguration;
			buildSettings = {
				BUNDLE_LOADER = "$(TEST_HOST)";
				CODE_SIGN_STYLE = Automatic;
				CURRENT_PROJECT_VERSION = 1;
				DEVELOPMENT_TEAM = JM5HUJ3QL8;
				GENERATE_INFOPLIST_FILE = YES;
				IPHONEOS_DEPLOYMENT_TARGET = 18.5;
				MARKETING_VERSION = 1.0;
				PRODUCT_BUNDLE_IDENTIFIER = "forty-two.ft-hangoutsTests";
				PRODUCT_NAME = "$(TARGET_NAME)";
				SWIFT_EMIT_LOC_STRINGS = NO;
				SWIFT_VERSION = 5.0;
				TARGETED_DEVICE_FAMILY = "1,2";
				TEST_HOST = "$(BUILT_PRODUCTS_DIR)/ft_hangouts.app/$(BUNDLE_EXECUTABLE_FOLDER_PATH)/ft_hangouts";
			};
			name = Debug;
		};
		BEB233B72E056DB8008AD065 /* Release */ = {
			isa = XCBuildConfiguration;
			buildSettings = {
				BUNDLE_LOADER = "$(TEST_HOST)";
				CODE_SIGN_STYLE = Automatic;
				CURRENT_PROJECT_VERSION = 1;
				DEVELOPMENT_TEAM = JM5HUJ3QL8;
				GENERATE_INFOPLIST_FILE = YES;
				IPHONEOS_DEPLOYMENT_TARGET = 18.5;
				MARKETING_VERSION = 1.0;
				PRODUCT_BUNDLE_IDENTIFIER = "forty-two.ft-hangoutsTests";
				PRODUCT_NAME = "$(TARGET_NAME)";
				SWIFT_EMIT_LOC_STRINGS = NO;
				SWIFT_VERSION = 5.0;
				TARGETED_DEVICE_FAMILY = "1,2";
				TEST_HOST = "$(BUILT_PRODUCTS_DIR)/ft_hangouts.app/$(BUNDLE_EXECUTABLE_FOLDER_PATH)/ft_hangouts";
			};
			name = Release;
		};
		BEB233B92E056DB8008AD065 /* Debug */ = {
			isa = XCBuildConfiguration;
			buildSettings = {
				CODE_SIGN_STYLE = Automatic;
				CURRENT_PROJECT_VERSION = 1;
				DEVELOPMENT_TEAM = JM5HUJ3QL8;
				GENERATE_INFOPLIST_FILE = YES;
				MARKETING_VERSION = 1.0;
				PRODUCT_BUNDLE_IDENTIFIER = "forty-two.ft-hangoutsUITests";
				PRODUCT_NAME = "$(TARGET_NAME)";
				SWIFT_EMIT_LOC_STRINGS = NO;
				SWIFT_VERSION = 5.0;
				TARGETED_DEVICE_FAMILY = "1,2";
				TEST_TARGET_NAME = ft_hangouts;
			};
			name = Debug;
		};
		BEB233BA2E056DB8008AD065 /* Release */ = {
			isa = XCBuildConfiguration;
			buildSettings = {
				CODE_SIGN_STYLE = Automatic;
				CURRENT_PROJECT_VERSION = 1;
				DEVELOPMENT_TEAM = JM5HUJ3QL8;
				GENERATE_INFOPLIST_FILE = YES;
				MARKETING_VERSION = 1.0;
				PRODUCT_BUNDLE_IDENTIFIER = "forty-two.ft-hangoutsUITests";
				PRODUCT_NAME = "$(TARGET_NAME)";
				SWIFT_EMIT_LOC_STRINGS = NO;
				SWIFT_VERSION = 5.0;
				TARGETED_DEVICE_FAMILY = "1,2";
				TEST_TARGET_NAME = ft_hangouts;
			};
			name = Release;
		};
/* End XCBuildConfiguration section */

/* Begin XCConfigurationList section */
		BEB233872E056DB7008AD065 /* Build configuration list for PBXProject "ft_hangouts" */ = {
			isa = XCConfigurationList;
			buildConfigurations = (
				BEB233B02E056DB8008AD065 /* Debug */,
				BEB233B12E056DB8008AD065 /* Release */,
			);
			defaultConfigurationIsVisible = 0;
			defaultConfigurationName = Release;
		};
		BEB233B22E056DB8008AD065 /* Build configuration list for PBXNativeTarget "ft_hangouts" */ = {
			isa = XCConfigurationList;
			buildConfigurations = (
				BEB233B32E056DB8008AD065 /* Debug */,
				BEB233B42E056DB8008AD065 /* Release */,
			);
			defaultConfigurationIsVisible = 0;
			defaultConfigurationName = Release;
		};
		BEB233B52E056DB8008AD065 /* Build configuration list for PBXNativeTarget "ft_hangoutsTests" */ = {
			isa = XCConfigurationList;
			buildConfigurations = (
				BEB233B62E056DB8008AD065 /* Debug */,
				BEB233B72E056DB8008AD065 /* Release */,
			);
			defaultConfigurationIsVisible = 0;
			defaultConfigurationName = Release;
		};
		BEB233B82E056DB8008AD065 /* Build configuration list for PBXNativeTarget "ft_hangoutsUITests" */ = {
			isa = XCConfigurationList;
			buildConfigurations = (
				BEB233B92E056DB8008AD065 /* Debug */,
				BEB233BA2E056DB8008AD065 /* Release */,
			);
			defaultConfigurationIsVisible = 0;
			defaultConfigurationName = Release;
		};
/* End XCConfigurationList section */
	};
	rootObject = BEB233842E056DB7008AD065 /* Project object */;
}
